
Microsoft Visual Studio Solution File, Format Version 12.00
# Visual Studio 15
VisualStudioVersion = 15.0.27428.2043
MinimumVisualStudioVersion = 10.0.40219.1
Project("{FAE04EC0-301F-11D3-BF4B-00C04F79EFBC}") = "WPFOef", "WPFOef\WPFOef.csproj", "{E294A5D1-85E7-471E-B790-E405A87BDC3D}"
EndProject
Project("{FAE04EC0-301F-11D3-BF4B-00C04F79EFBC}") = "PizzaBestelbon", "PizzaBestelbon\PizzaBestelbon.csproj", "{424567A2-D70C-488D-8807-443D21395DBC}"
EndProject
Project("{FAE04EC0-301F-11D3-BF4B-00C04F79EFBC}") = "Telefoon", "Telefoon\Telefoon.csproj", "{58174A91-845F-4A8D-A5DC-CC6A48F5631F}"
EndProject
Project("{FAE04EC0-301F-11D3-BF4B-00C04F79EFBC}") = "Parkingbon", "Parkingbon\Parkingbon.csproj", "{BC56FDE7-537F-496D-993F-5FFE40CAC65E}"
EndProject
Project("{FAE04EC0-301F-11D3-BF4B-00C04F79EFBC}") = "Bloemsamenstelling", "Bloemsamenstelling\Bloemsamenstelling.csproj", "{49BADBB3-A609-43D6-90CA-3780F4A7AC81}"
EndProject
Project("{FAE04EC0-301F-11D3-BF4B-00C04F79EFBC}") = "SchuifSpel", "SchuifSpel\SchuifSpel.csproj", "{FF35548D-0C43-46F9-BCF9-060E25649BA5}"
EndProject
Project("{FAE04EC0-301F-11D3-BF4B-00C04F79EFBC}") = "ParkingBonMVVM", "ParkingBonMVVM\ParkingBonMVVM.csproj", "{FD791BF6-3E48-4CA6-80E8-2EC578F8A59C}"
EndProject
Global
	GlobalSection(SolutionConfigurationPlatforms) = preSolution
		Debug|Any CPU = Debug|Any CPU
		Release|Any CPU = Release|Any CPU
	EndGlobalSection
	GlobalSection(ProjectConfigurationPlatforms) = postSolution
		{E294A5D1-85E7-471E-B790-E405A87BDC3D}.Debug|Any CPU.ActiveCfg = Debug|Any CPU
		{E294A5D1-85E7-471E-B790-E405A87BDC3D}.Debug|Any CPU.Build.0 = Debug|Any CPU
		{E294A5D1-85E7-471E-B790-E405A87BDC3D}.Release|Any CPU.ActiveCfg = Release|Any CPU
		{E294A5D1-85E7-471E-B790-E405A87BDC3D}.Release|Any CPU.Build.0 = Release|Any CPU
		{424567A2-D70C-488D-8807-443D21395DBC}.Debug|Any CPU.ActiveCfg = Debug|Any CPU
		{424567A2-D70C-488D-8807-443D21395DBC}.Debug|Any CPU.Build.0 = Debug|Any CPU
		{424567A2-D70C-488D-8807-443D21395DBC}.Release|Any CPU.ActiveCfg = Release|Any CPU
		{424567A2-D70C-488D-8807-443D21395DBC}.Release|Any CPU.Build.0 = Release|Any CPU
		{58174A91-845F-4A8D-A5DC-CC6A48F5631F}.Debug|Any CPU.ActiveCfg = Debug|Any CPU
		{58174A91-845F-4A8D-A5DC-CC6A48F5631F}.Debug|Any CPU.Build.0 = Debug|Any CPU
		{58174A91-845F-4A8D-A5DC-CC6A48F5631F}.Release|Any CPU.ActiveCfg = Release|Any CPU
		{58174A91-845F-4A8D-A5DC-CC6A48F5631F}.Release|Any CPU.Build.0 = Release|Any CPU
		{BC56FDE7-537F-496D-993F-5FFE40CAC65E}.Debug|Any CPU.ActiveCfg = Debug|Any CPU
		{BC56FDE7-537F-496D-993F-5FFE40CAC65E}.Debug|Any CPU.Build.0 = Debug|Any CPU
		{BC56FDE7-537F-496D-993F-5FFE40CAC65E}.Release|Any CPU.ActiveCfg = Release|Any CPU
		{BC56FDE7-537F-496D-993F-5FFE40CAC65E}.Release|Any CPU.Build.0 = Release|Any CPU
		{49BADBB3-A609-43D6-90CA-3780F4A7AC81}.Debug|Any CPU.ActiveCfg = Debug|Any CPU
		{49BADBB3-A609-43D6-90CA-3780F4A7AC81}.Debug|Any CPU.Build.0 = Debug|Any CPU
		{49BADBB3-A609-43D6-90CA-3780F4A7AC81}.Release|Any CPU.ActiveCfg = Release|Any CPU
		{49BADBB3-A609-43D6-90CA-3780F4A7AC81}.Release|Any CPU.Build.0 = Release|Any CPU
		{FF35548D-0C43-46F9-BCF9-060E25649BA5}.Debug|Any CPU.ActiveCfg = Debug|Any CPU
		{FF35548D-0C43-46F9-BCF9-060E25649BA5}.Debug|Any CPU.Build.0 = Debug|Any CPU
		{FF35548D-0C43-46F9-BCF9-060E25649BA5}.Release|Any CPU.ActiveCfg = Release|Any CPU
		{FF35548D-0C43-46F9-BCF9-060E25649BA5}.Release|Any CPU.Build.0 = Release|Any CPU
		{FD791BF6-3E48-4CA6-80E8-2EC578F8A59C}.Debug|Any CPU.ActiveCfg = Debug|Any CPU
		{FD791BF6-3E48-4CA6-80E8-2EC578F8A59C}.Debug|Any CPU.Build.0 = Debug|Any CPU
		{FD791BF6-3E48-4CA6-80E8-2EC578F8A59C}.Release|Any CPU.ActiveCfg = Release|Any CPU
		{FD791BF6-3E48-4CA6-80E8-2EC578F8A59C}.Release|Any CPU.Build.0 = Release|Any CPU
	EndGlobalSection
	GlobalSection(SolutionProperties) = preSolution
		HideSolutionNode = FALSE
	EndGlobalSection
	GlobalSection(ExtensibilityGlobals) = postSolution
		SolutionGuid = {AF655932-243F-4170-9CA4-B16D4D4338BC}
	EndGlobalSection
EndGlobal
