
Microsoft Visual Studio Solution File, Format Version 12.00
# Visual Studio 15
VisualStudioVersion = 15.0.28010.0
MinimumVisualStudioVersion = 10.0.40219.1
Project("{FAE04EC0-301F-11D3-BF4B-00C04F79EFBC}") = "MVC_Cultuurhuis", "MVC_Cultuurhuis\MVC_Cultuurhuis.csproj", "{A8C615CB-20CA-4AE7-BB2F-9C7A3B9B01D4}"
EndProject
Global
	GlobalSection(SolutionConfigurationPlatforms) = preSolution
		Debug|Any CPU = Debug|Any CPU
		Release|Any CPU = Release|Any CPU
	EndGlobalSection
	GlobalSection(ProjectConfigurationPlatforms) = postSolution
		{A8C615CB-20CA-4AE7-BB2F-9C7A3B9B01D4}.Debug|Any CPU.ActiveCfg = Debug|Any CPU
		{A8C615CB-20CA-4AE7-BB2F-9C7A3B9B01D4}.Debug|Any CPU.Build.0 = Debug|Any CPU
		{A8C615CB-20CA-4AE7-BB2F-9C7A3B9B01D4}.Release|Any CPU.ActiveCfg = Release|Any CPU
		{A8C615CB-20CA-4AE7-BB2F-9C7A3B9B01D4}.Release|Any CPU.Build.0 = Release|Any CPU
	EndGlobalSection
	GlobalSection(SolutionProperties) = preSolution
		HideSolutionNode = FALSE
	EndGlobalSection
	GlobalSection(ExtensibilityGlobals) = postSolution
		SolutionGuid = {EA6EB3F9-81FE-45D4-8C0A-F01F9CA29B2E}
	EndGlobalSection
EndGlobal
