
Microsoft Visual Studio Solution File, Format Version 12.00
# Visual Studio 15
VisualStudioVersion = 15.0.28010.0
MinimumVisualStudioVersion = 10.0.40219.1
Project("{FAE04EC0-301F-11D3-BF4B-00C04F79EFBC}") = "MVC_Voorbeeld2", "MVC_Voorbeeld2\MVC_Voorbeeld2.csproj", "{196B13C6-8C9C-4309-8BD2-CFB2123CFB73}"
EndProject
Project("{FAE04EC0-301F-11D3-BF4B-00C04F79EFBC}") = "MVC_Voorbeeld3", "MVC_Voorbeeld3\MVC_Voorbeeld3.csproj", "{47E43CFC-173A-4C5A-9117-4D4C493CCA92}"
EndProject
Project("{FAE04EC0-301F-11D3-BF4B-00C04F79EFBC}") = "MVC_Tuincentrum2", "MVC_Tuincentrum2\MVC_Tuincentrum2.csproj", "{A450D314-716F-4E23-B70F-3D7E3C13CE55}"
EndProject
Global
	GlobalSection(SolutionConfigurationPlatforms) = preSolution
		Debug|Any CPU = Debug|Any CPU
		Release|Any CPU = Release|Any CPU
	EndGlobalSection
	GlobalSection(ProjectConfigurationPlatforms) = postSolution
		{196B13C6-8C9C-4309-8BD2-CFB2123CFB73}.Debug|Any CPU.ActiveCfg = Debug|Any CPU
		{196B13C6-8C9C-4309-8BD2-CFB2123CFB73}.Debug|Any CPU.Build.0 = Debug|Any CPU
		{196B13C6-8C9C-4309-8BD2-CFB2123CFB73}.Release|Any CPU.ActiveCfg = Release|Any CPU
		{196B13C6-8C9C-4309-8BD2-CFB2123CFB73}.Release|Any CPU.Build.0 = Release|Any CPU
		{47E43CFC-173A-4C5A-9117-4D4C493CCA92}.Debug|Any CPU.ActiveCfg = Debug|Any CPU
		{47E43CFC-173A-4C5A-9117-4D4C493CCA92}.Debug|Any CPU.Build.0 = Debug|Any CPU
		{47E43CFC-173A-4C5A-9117-4D4C493CCA92}.Release|Any CPU.ActiveCfg = Release|Any CPU
		{47E43CFC-173A-4C5A-9117-4D4C493CCA92}.Release|Any CPU.Build.0 = Release|Any CPU
		{A450D314-716F-4E23-B70F-3D7E3C13CE55}.Debug|Any CPU.ActiveCfg = Debug|Any CPU
		{A450D314-716F-4E23-B70F-3D7E3C13CE55}.Debug|Any CPU.Build.0 = Debug|Any CPU
		{A450D314-716F-4E23-B70F-3D7E3C13CE55}.Release|Any CPU.ActiveCfg = Release|Any CPU
		{A450D314-716F-4E23-B70F-3D7E3C13CE55}.Release|Any CPU.Build.0 = Release|Any CPU
	EndGlobalSection
	GlobalSection(SolutionProperties) = preSolution
		HideSolutionNode = FALSE
	EndGlobalSection
	GlobalSection(ExtensibilityGlobals) = postSolution
		SolutionGuid = {054F06FA-AF38-4DE8-B488-82CFF720F5CF}
	EndGlobalSection
EndGlobal
