
Microsoft Visual Studio Solution File, Format Version 12.00
# Visual Studio 15
VisualStudioVersion = 15.0.27428.2043
MinimumVisualStudioVersion = 10.0.40219.1
Project("{FAE04EC0-301F-11D3-BF4B-00C04F79EFBC}") = "WpfCursus", "WpfCursus\WpfCursus.csproj", "{5B57E8AF-ADA6-4DD2-AD1C-07F2E6A3AF28}"
EndProject
Project("{FAE04EC0-301F-11D3-BF4B-00C04F79EFBC}") = "Verkeerslicht", "Verkeerslicht\Verkeerslicht.csproj", "{5A0073A6-43FB-41C7-AA35-3B08D698D7FE}"
EndProject
Project("{FAE04EC0-301F-11D3-BF4B-00C04F79EFBC}") = "TekstVerwerken", "TekstVerwerken\TekstVerwerken.csproj", "{B23A62B8-2FA8-4151-BF04-F463860A7BE8}"
EndProject
Project("{FAE04EC0-301F-11D3-BF4B-00C04F79EFBC}") = "Pizza", "Pizza\Pizza.csproj", "{BECACB62-B47F-415E-B3A0-BF1B5AA0577F}"
EndProject
Project("{FAE04EC0-301F-11D3-BF4B-00C04F79EFBC}") = "HobbyLijst", "HobbyLijst\HobbyLijst.csproj", "{6200B2A9-496F-4E82-ABD5-B6F20D65E92E}"
EndProject
Project("{FAE04EC0-301F-11D3-BF4B-00C04F79EFBC}") = "Bars", "Bars\Bars.csproj", "{C6A4EDC2-D3A2-4B45-808A-1BAE5B002CD8}"
EndProject
Project("{FAE04EC0-301F-11D3-BF4B-00C04F79EFBC}") = "KleurKiezer", "KleurKiezer\KleurKiezer.csproj", "{C6511365-A0D1-4E68-85A8-BD45FC1A1EAD}"
EndProject
Project("{FAE04EC0-301F-11D3-BF4B-00C04F79EFBC}") = "DataBinding", "DataBinding\DataBinding.csproj", "{70C7F970-7B2D-4D9D-A659-5954E332B5E5}"
EndProject
Project("{FAE04EC0-301F-11D3-BF4B-00C04F79EFBC}") = "RegenboogDragDrop", "RegenboogDragDrop\RegenboogDragDrop.csproj", "{5DCA8EC4-B809-4549-A841-CA3A3A0CD7DE}"
EndProject
Project("{FAE04EC0-301F-11D3-BF4B-00C04F79EFBC}") = "OpleidingenDragDrop", "OpleidingenDragDrop\OpleidingenDragDrop.csproj", "{FC8C6B79-402D-4C59-9CEB-4925A9B5D3DB}"
EndProject
Project("{FAE04EC0-301F-11D3-BF4B-00C04F79EFBC}") = "RibbonControl", "RibbonControl\RibbonControl.csproj", "{9BA3A8E8-5F54-4093-A681-48BB0C4E8CDD}"
EndProject
Project("{FAE04EC0-301F-11D3-BF4B-00C04F79EFBC}") = "MVVMVoorbeeld", "MVVMVoorbeeld\MVVMVoorbeeld.csproj", "{64020BCB-550F-4AAE-9C8D-057040FA6A5E}"
EndProject
Global
	GlobalSection(SolutionConfigurationPlatforms) = preSolution
		Debug|Any CPU = Debug|Any CPU
		Release|Any CPU = Release|Any CPU
	EndGlobalSection
	GlobalSection(ProjectConfigurationPlatforms) = postSolution
		{5B57E8AF-ADA6-4DD2-AD1C-07F2E6A3AF28}.Debug|Any CPU.ActiveCfg = Debug|Any CPU
		{5B57E8AF-ADA6-4DD2-AD1C-07F2E6A3AF28}.Debug|Any CPU.Build.0 = Debug|Any CPU
		{5B57E8AF-ADA6-4DD2-AD1C-07F2E6A3AF28}.Release|Any CPU.ActiveCfg = Release|Any CPU
		{5B57E8AF-ADA6-4DD2-AD1C-07F2E6A3AF28}.Release|Any CPU.Build.0 = Release|Any CPU
		{5A0073A6-43FB-41C7-AA35-3B08D698D7FE}.Debug|Any CPU.ActiveCfg = Debug|Any CPU
		{5A0073A6-43FB-41C7-AA35-3B08D698D7FE}.Debug|Any CPU.Build.0 = Debug|Any CPU
		{5A0073A6-43FB-41C7-AA35-3B08D698D7FE}.Release|Any CPU.ActiveCfg = Release|Any CPU
		{5A0073A6-43FB-41C7-AA35-3B08D698D7FE}.Release|Any CPU.Build.0 = Release|Any CPU
		{B23A62B8-2FA8-4151-BF04-F463860A7BE8}.Debug|Any CPU.ActiveCfg = Debug|Any CPU
		{B23A62B8-2FA8-4151-BF04-F463860A7BE8}.Debug|Any CPU.Build.0 = Debug|Any CPU
		{B23A62B8-2FA8-4151-BF04-F463860A7BE8}.Release|Any CPU.ActiveCfg = Release|Any CPU
		{B23A62B8-2FA8-4151-BF04-F463860A7BE8}.Release|Any CPU.Build.0 = Release|Any CPU
		{BECACB62-B47F-415E-B3A0-BF1B5AA0577F}.Debug|Any CPU.ActiveCfg = Debug|Any CPU
		{BECACB62-B47F-415E-B3A0-BF1B5AA0577F}.Debug|Any CPU.Build.0 = Debug|Any CPU
		{BECACB62-B47F-415E-B3A0-BF1B5AA0577F}.Release|Any CPU.ActiveCfg = Release|Any CPU
		{BECACB62-B47F-415E-B3A0-BF1B5AA0577F}.Release|Any CPU.Build.0 = Release|Any CPU
		{6200B2A9-496F-4E82-ABD5-B6F20D65E92E}.Debug|Any CPU.ActiveCfg = Debug|Any CPU
		{6200B2A9-496F-4E82-ABD5-B6F20D65E92E}.Debug|Any CPU.Build.0 = Debug|Any CPU
		{6200B2A9-496F-4E82-ABD5-B6F20D65E92E}.Release|Any CPU.ActiveCfg = Release|Any CPU
		{6200B2A9-496F-4E82-ABD5-B6F20D65E92E}.Release|Any CPU.Build.0 = Release|Any CPU
		{C6A4EDC2-D3A2-4B45-808A-1BAE5B002CD8}.Debug|Any CPU.ActiveCfg = Debug|Any CPU
		{C6A4EDC2-D3A2-4B45-808A-1BAE5B002CD8}.Debug|Any CPU.Build.0 = Debug|Any CPU
		{C6A4EDC2-D3A2-4B45-808A-1BAE5B002CD8}.Release|Any CPU.ActiveCfg = Release|Any CPU
		{C6A4EDC2-D3A2-4B45-808A-1BAE5B002CD8}.Release|Any CPU.Build.0 = Release|Any CPU
		{C6511365-A0D1-4E68-85A8-BD45FC1A1EAD}.Debug|Any CPU.ActiveCfg = Debug|Any CPU
		{C6511365-A0D1-4E68-85A8-BD45FC1A1EAD}.Debug|Any CPU.Build.0 = Debug|Any CPU
		{C6511365-A0D1-4E68-85A8-BD45FC1A1EAD}.Release|Any CPU.ActiveCfg = Release|Any CPU
		{C6511365-A0D1-4E68-85A8-BD45FC1A1EAD}.Release|Any CPU.Build.0 = Release|Any CPU
		{70C7F970-7B2D-4D9D-A659-5954E332B5E5}.Debug|Any CPU.ActiveCfg = Debug|Any CPU
		{70C7F970-7B2D-4D9D-A659-5954E332B5E5}.Debug|Any CPU.Build.0 = Debug|Any CPU
		{70C7F970-7B2D-4D9D-A659-5954E332B5E5}.Release|Any CPU.ActiveCfg = Release|Any CPU
		{70C7F970-7B2D-4D9D-A659-5954E332B5E5}.Release|Any CPU.Build.0 = Release|Any CPU
		{5DCA8EC4-B809-4549-A841-CA3A3A0CD7DE}.Debug|Any CPU.ActiveCfg = Debug|Any CPU
		{5DCA8EC4-B809-4549-A841-CA3A3A0CD7DE}.Debug|Any CPU.Build.0 = Debug|Any CPU
		{5DCA8EC4-B809-4549-A841-CA3A3A0CD7DE}.Release|Any CPU.ActiveCfg = Release|Any CPU
		{5DCA8EC4-B809-4549-A841-CA3A3A0CD7DE}.Release|Any CPU.Build.0 = Release|Any CPU
		{FC8C6B79-402D-4C59-9CEB-4925A9B5D3DB}.Debug|Any CPU.ActiveCfg = Debug|Any CPU
		{FC8C6B79-402D-4C59-9CEB-4925A9B5D3DB}.Debug|Any CPU.Build.0 = Debug|Any CPU
		{FC8C6B79-402D-4C59-9CEB-4925A9B5D3DB}.Release|Any CPU.ActiveCfg = Release|Any CPU
		{FC8C6B79-402D-4C59-9CEB-4925A9B5D3DB}.Release|Any CPU.Build.0 = Release|Any CPU
		{9BA3A8E8-5F54-4093-A681-48BB0C4E8CDD}.Debug|Any CPU.ActiveCfg = Debug|Any CPU
		{9BA3A8E8-5F54-4093-A681-48BB0C4E8CDD}.Debug|Any CPU.Build.0 = Debug|Any CPU
		{9BA3A8E8-5F54-4093-A681-48BB0C4E8CDD}.Release|Any CPU.ActiveCfg = Release|Any CPU
		{9BA3A8E8-5F54-4093-A681-48BB0C4E8CDD}.Release|Any CPU.Build.0 = Release|Any CPU
		{64020BCB-550F-4AAE-9C8D-057040FA6A5E}.Debug|Any CPU.ActiveCfg = Debug|Any CPU
		{64020BCB-550F-4AAE-9C8D-057040FA6A5E}.Debug|Any CPU.Build.0 = Debug|Any CPU
		{64020BCB-550F-4AAE-9C8D-057040FA6A5E}.Release|Any CPU.ActiveCfg = Release|Any CPU
		{64020BCB-550F-4AAE-9C8D-057040FA6A5E}.Release|Any CPU.Build.0 = Release|Any CPU
	EndGlobalSection
	GlobalSection(SolutionProperties) = preSolution
		HideSolutionNode = FALSE
	EndGlobalSection
	GlobalSection(ExtensibilityGlobals) = postSolution
		SolutionGuid = {C8818486-5ABB-4DD8-BB5C-68DEFD5410F1}
	EndGlobalSection
EndGlobal
