
Microsoft Visual Studio Solution File, Format Version 12.00
# Visual Studio 2013
VisualStudioVersion = 12.0.21005.1
MinimumVisualStudioVersion = 10.0.40219.1
Project("{FAE04EC0-301F-11D3-BF4B-00C04F79EFBC}") = "EnterpriseMVVM.DesktopClient", "EnterpriseMVVM.DesktopClient\EnterpriseMVVM.DesktopClient.csproj", "{D5E8B578-248E-436D-819F-777E9C2AB463}"
EndProject
Project("{FAE04EC0-301F-11D3-BF4B-00C04F79EFBC}") = "EnterpriseMVVM.Windows", "EnterpriseMVVM.Windows\EnterpriseMVVM.Windows.csproj", "{E2FE75E8-6A2F-49D1-AE0C-121CC9F09A64}"
EndProject
Project("{FAE04EC0-301F-11D3-BF4B-00C04F79EFBC}") = "Tests", "Tests\Tests.csproj", "{89FE2588-11D8-471D-9774-81420CD58755}"
EndProject
Global
	GlobalSection(SolutionConfigurationPlatforms) = preSolution
		Debug|Any CPU = Debug|Any CPU
		Release|Any CPU = Release|Any CPU
	EndGlobalSection
	GlobalSection(ProjectConfigurationPlatforms) = postSolution
		{D5E8B578-248E-436D-819F-777E9C2AB463}.Debug|Any CPU.ActiveCfg = Debug|Any CPU
		{D5E8B578-248E-436D-819F-777E9C2AB463}.Debug|Any CPU.Build.0 = Debug|Any CPU
		{D5E8B578-248E-436D-819F-777E9C2AB463}.Release|Any CPU.ActiveCfg = Release|Any CPU
		{D5E8B578-248E-436D-819F-777E9C2AB463}.Release|Any CPU.Build.0 = Release|Any CPU
		{E2FE75E8-6A2F-49D1-AE0C-121CC9F09A64}.Debug|Any CPU.ActiveCfg = Debug|Any CPU
		{E2FE75E8-6A2F-49D1-AE0C-121CC9F09A64}.Debug|Any CPU.Build.0 = Debug|Any CPU
		{E2FE75E8-6A2F-49D1-AE0C-121CC9F09A64}.Release|Any CPU.ActiveCfg = Release|Any CPU
		{E2FE75E8-6A2F-49D1-AE0C-121CC9F09A64}.Release|Any CPU.Build.0 = Release|Any CPU
		{89FE2588-11D8-471D-9774-81420CD58755}.Debug|Any CPU.ActiveCfg = Debug|Any CPU
		{89FE2588-11D8-471D-9774-81420CD58755}.Debug|Any CPU.Build.0 = Debug|Any CPU
		{89FE2588-11D8-471D-9774-81420CD58755}.Release|Any CPU.ActiveCfg = Release|Any CPU
		{89FE2588-11D8-471D-9774-81420CD58755}.Release|Any CPU.Build.0 = Release|Any CPU
	EndGlobalSection
	GlobalSection(SolutionProperties) = preSolution
		HideSolutionNode = FALSE
	EndGlobalSection
EndGlobal
