
Microsoft Visual Studio Solution File, Format Version 12.00
# Visual Studio 15
VisualStudioVersion = 15.0.28010.0
MinimumVisualStudioVersion = 10.0.40219.1
Project("{FAE04EC0-301F-11D3-BF4B-00C04F79EFBC}") = "ASPOef", "ASPOef\ASPOef.csproj", "{CD607D4B-A009-46E8-8D17-8B22E4F30564}"
EndProject
Project("{FAE04EC0-301F-11D3-BF4B-00C04F79EFBC}") = "MVCBierenApplication", "MVCBierenApplication\MVCBierenApplication.csproj", "{13DF423D-898A-4DD5-A6B2-5B738F9D95C2}"
EndProject
Global
	GlobalSection(SolutionConfigurationPlatforms) = preSolution
		Debug|Any CPU = Debug|Any CPU
		Release|Any CPU = Release|Any CPU
	EndGlobalSection
	GlobalSection(ProjectConfigurationPlatforms) = postSolution
		{CD607D4B-A009-46E8-8D17-8B22E4F30564}.Debug|Any CPU.ActiveCfg = Debug|Any CPU
		{CD607D4B-A009-46E8-8D17-8B22E4F30564}.Debug|Any CPU.Build.0 = Debug|Any CPU
		{CD607D4B-A009-46E8-8D17-8B22E4F30564}.Release|Any CPU.ActiveCfg = Release|Any CPU
		{CD607D4B-A009-46E8-8D17-8B22E4F30564}.Release|Any CPU.Build.0 = Release|Any CPU
		{13DF423D-898A-4DD5-A6B2-5B738F9D95C2}.Debug|Any CPU.ActiveCfg = Debug|Any CPU
		{13DF423D-898A-4DD5-A6B2-5B738F9D95C2}.Debug|Any CPU.Build.0 = Debug|Any CPU
		{13DF423D-898A-4DD5-A6B2-5B738F9D95C2}.Release|Any CPU.ActiveCfg = Release|Any CPU
		{13DF423D-898A-4DD5-A6B2-5B738F9D95C2}.Release|Any CPU.Build.0 = Release|Any CPU
	EndGlobalSection
	GlobalSection(SolutionProperties) = preSolution
		HideSolutionNode = FALSE
	EndGlobalSection
	GlobalSection(ExtensibilityGlobals) = postSolution
		SolutionGuid = {269FA0F9-3A36-40D2-9B51-B046454B3638}
	EndGlobalSection
EndGlobal
