
Microsoft Visual Studio Solution File, Format Version 12.00
# Visual Studio 15
VisualStudioVersion = 15.0.28010.0
MinimumVisualStudioVersion = 10.0.40219.1
Project("{FAE04EC0-301F-11D3-BF4B-00C04F79EFBC}") = "ConsoleApp1", "ConsoleApp1\ConsoleApp1.csproj", "{BE66BA64-815A-490E-890C-966A373F5226}"
EndProject
Global
	GlobalSection(SolutionConfigurationPlatforms) = preSolution
		Debug|Any CPU = Debug|Any CPU
		Release|Any CPU = Release|Any CPU
	EndGlobalSection
	GlobalSection(ProjectConfigurationPlatforms) = postSolution
		{BE66BA64-815A-490E-890C-966A373F5226}.Debug|Any CPU.ActiveCfg = Debug|Any CPU
		{BE66BA64-815A-490E-890C-966A373F5226}.Debug|Any CPU.Build.0 = Debug|Any CPU
		{BE66BA64-815A-490E-890C-966A373F5226}.Release|Any CPU.ActiveCfg = Release|Any CPU
		{BE66BA64-815A-490E-890C-966A373F5226}.Release|Any CPU.Build.0 = Release|Any CPU
	EndGlobalSection
	GlobalSection(SolutionProperties) = preSolution
		HideSolutionNode = FALSE
	EndGlobalSection
	GlobalSection(ExtensibilityGlobals) = postSolution
		SolutionGuid = {115D721D-9907-4AF8-9A86-99B9CBB57835}
	EndGlobalSection
EndGlobal
