
Microsoft Visual Studio Solution File, Format Version 12.00
# Visual Studio 15
VisualStudioVersion = 15.0.28010.0
MinimumVisualStudioVersion = 10.0.40219.1
Project("{FAE04EC0-301F-11D3-BF4B-00C04F79EFBC}") = "EFCursus", "EFCursus\EFCursus.csproj", "{8BB16CFD-6BF0-4B11-ABBC-F378438C80F9}"
EndProject
Project("{FAE04EC0-301F-11D3-BF4B-00C04F79EFBC}") = "Taak1-EFBank", "Taak1-EFBank\Taak1-EFBank.csproj", "{C4636C58-1A2E-4AA6-B243-87CE396A5578}"
EndProject
Project("{FAE04EC0-301F-11D3-BF4B-00C04F79EFBC}") = "CodeFirstCursus", "CodeFirstCursus\CodeFirstCursus.csproj", "{803D00A3-BFC6-44B2-89BE-8C95B8642607}"
EndProject
Project("{FAE04EC0-301F-11D3-BF4B-00C04F79EFBC}") = "Taak12-CodeFirst", "Taak12-CodeFirst\Taak12-CodeFirst.csproj", "{F7664746-3017-4351-819B-1748D597A805}"
EndProject
Global
	GlobalSection(SolutionConfigurationPlatforms) = preSolution
		Debug|Any CPU = Debug|Any CPU
		Release|Any CPU = Release|Any CPU
	EndGlobalSection
	GlobalSection(ProjectConfigurationPlatforms) = postSolution
		{8BB16CFD-6BF0-4B11-ABBC-F378438C80F9}.Debug|Any CPU.ActiveCfg = Debug|Any CPU
		{8BB16CFD-6BF0-4B11-ABBC-F378438C80F9}.Debug|Any CPU.Build.0 = Debug|Any CPU
		{8BB16CFD-6BF0-4B11-ABBC-F378438C80F9}.Release|Any CPU.ActiveCfg = Release|Any CPU
		{8BB16CFD-6BF0-4B11-ABBC-F378438C80F9}.Release|Any CPU.Build.0 = Release|Any CPU
		{C4636C58-1A2E-4AA6-B243-87CE396A5578}.Debug|Any CPU.ActiveCfg = Debug|Any CPU
		{C4636C58-1A2E-4AA6-B243-87CE396A5578}.Debug|Any CPU.Build.0 = Debug|Any CPU
		{C4636C58-1A2E-4AA6-B243-87CE396A5578}.Release|Any CPU.ActiveCfg = Release|Any CPU
		{C4636C58-1A2E-4AA6-B243-87CE396A5578}.Release|Any CPU.Build.0 = Release|Any CPU
		{803D00A3-BFC6-44B2-89BE-8C95B8642607}.Debug|Any CPU.ActiveCfg = Debug|Any CPU
		{803D00A3-BFC6-44B2-89BE-8C95B8642607}.Debug|Any CPU.Build.0 = Debug|Any CPU
		{803D00A3-BFC6-44B2-89BE-8C95B8642607}.Release|Any CPU.ActiveCfg = Release|Any CPU
		{803D00A3-BFC6-44B2-89BE-8C95B8642607}.Release|Any CPU.Build.0 = Release|Any CPU
		{F7664746-3017-4351-819B-1748D597A805}.Debug|Any CPU.ActiveCfg = Debug|Any CPU
		{F7664746-3017-4351-819B-1748D597A805}.Debug|Any CPU.Build.0 = Debug|Any CPU
		{F7664746-3017-4351-819B-1748D597A805}.Release|Any CPU.ActiveCfg = Release|Any CPU
		{F7664746-3017-4351-819B-1748D597A805}.Release|Any CPU.Build.0 = Release|Any CPU
	EndGlobalSection
	GlobalSection(SolutionProperties) = preSolution
		HideSolutionNode = FALSE
	EndGlobalSection
	GlobalSection(ExtensibilityGlobals) = postSolution
		SolutionGuid = {A73C607E-DE4D-4D8F-BBA4-2B6B10147D1E}
	EndGlobalSection
EndGlobal
